
Microsoft Visual Studio Solution File, Format Version 12.00
# Visual Studio Version 17
VisualStudioVersion = 17.4.33205.214
MinimumVisualStudioVersion = 10.0.40219.1
Project("{9A19103F-16F7-4668-BE54-9A1E7A4F7556}") = "RedisClientHandler", "RedisClientHandler.csproj", "{1DB82E68-06B3-492F-AA93-A43D83572BD4}"
EndProject
Global
	GlobalSection(SolutionConfigurationPlatforms) = preSolution
		Debug|Any CPU = Debug|Any CPU
		Release|Any CPU = Release|Any CPU
	EndGlobalSection
	GlobalSection(ProjectConfigurationPlatforms) = postSolution
		{1DB82E68-06B3-492F-AA93-A43D83572BD4}.Debug|Any CPU.ActiveCfg = Debug|Any CPU
		{1DB82E68-06B3-492F-AA93-A43D83572BD4}.Debug|Any CPU.Build.0 = Debug|Any CPU
		{1DB82E68-06B3-492F-AA93-A43D83572BD4}.Release|Any CPU.ActiveCfg = Release|Any CPU
		{1DB82E68-06B3-492F-AA93-A43D83572BD4}.Release|Any CPU.Build.0 = Release|Any CPU
	EndGlobalSection
	GlobalSection(SolutionProperties) = preSolution
		HideSolutionNode = FALSE
	EndGlobalSection
	GlobalSection(ExtensibilityGlobals) = postSolution
		SolutionGuid = {AA0D8C6B-97B5-458E-9038-AFF18B6A7806}
	EndGlobalSection
EndGlobal
